
Microsoft Visual Studio Solution File, Format Version 12.00
# Visual Studio Version 17
VisualStudioVersion = 17.8.34330.188
MinimumVisualStudioVersion = 10.0.40219.1
Project("{FAE04EC0-301F-11D3-BF4B-00C04F79EFBC}") = "APIDeps", "APIDeps.csproj", "{4FCB6D2C-D0FC-44DB-AD2B-E3F65A958332}"
EndProject
Global
	GlobalSection(SolutionConfigurationPlatforms) = preSolution
		Debug|Any CPU = Debug|Any CPU
		Release|Any CPU = Release|Any CPU
	EndGlobalSection
	GlobalSection(ProjectConfigurationPlatforms) = postSolution
		{4FCB6D2C-D0FC-44DB-AD2B-E3F65A958332}.Debug|Any CPU.ActiveCfg = Debug|Any CPU
		{4FCB6D2C-D0FC-44DB-AD2B-E3F65A958332}.Debug|Any CPU.Build.0 = Debug|Any CPU
		{4FCB6D2C-D0FC-44DB-AD2B-E3F65A958332}.Release|Any CPU.ActiveCfg = Release|Any CPU
		{4FCB6D2C-D0FC-44DB-AD2B-E3F65A958332}.Release|Any CPU.Build.0 = Release|Any CPU
	EndGlobalSection
	GlobalSection(SolutionProperties) = preSolution
		HideSolutionNode = FALSE
	EndGlobalSection
	GlobalSection(ExtensibilityGlobals) = postSolution
		SolutionGuid = {ABBC736F-2602-431C-962C-499CF82C619D}
	EndGlobalSection
EndGlobal
